
Microsoft Visual Studio Solution File, Format Version 12.00
# Visual Studio 14
VisualStudioVersion = 14.0.25420.1
MinimumVisualStudioVersion = 10.0.40219.1
Project("{8BC9CEB8-8B4A-11D0-8D11-00A0C91BC942}") = "oml-console", "..\oml\oml-console\oml-console.vcxproj", "{7E5BA3DC-77FB-4D17-B74E-270FBC18A228}"
	ProjectSection(ProjectDependencies) = postProject
		{96AC9924-F1AE-461F-AEB8-452623BB4C4F} = {96AC9924-F1AE-461F-AEB8-452623BB4C4F}
		{DA6FC32A-2069-4AAD-9F56-F60067C03A11} = {DA6FC32A-2069-4AAD-9F56-F60067C03A11}
	EndProjectSection
EndProject
Project("{8BC9CEB8-8B4A-11D0-8D11-00A0C91BC942}") = "mathkernel", "..\math\kernel\mathkernel.vcxproj", "{96AC9924-F1AE-461F-AEB8-452623BB4C4F}"
EndProject
Project("{8BC9CEB8-8B4A-11D0-8D11-00A0C91BC942}") = "oml-runtime", "..\oml\oml-runtime\oml-runtime.vcxproj", "{DA6FC32A-2069-4AAD-9F56-F60067C03A11}"
	ProjectSection(ProjectDependencies) = postProject
		{96AC9924-F1AE-461F-AEB8-452623BB4C4F} = {96AC9924-F1AE-461F-AEB8-452623BB4C4F}
	EndProjectSection
EndProject
Project("{8BC9CEB8-8B4A-11D0-8D11-00A0C91BC942}") = "math-calculus", "..\math\calculus\math-calculus.vcxproj", "{2B3DE46E-308A-446F-A5E2-14F55F608A46}"
	ProjectSection(ProjectDependencies) = postProject
		{96AC9924-F1AE-461F-AEB8-452623BB4C4F} = {96AC9924-F1AE-461F-AEB8-452623BB4C4F}
	EndProjectSection
EndProject
Project("{8BC9CEB8-8B4A-11D0-8D11-00A0C91BC942}") = "toolbox-omlCalculus", "..\oml\toolbox-omlCalculus\toolbox-omlCalculus.vcxproj", "{3021FB84-D550-49A5-865E-99B8C414BB15}"
	ProjectSection(ProjectDependencies) = postProject
		{96AC9924-F1AE-461F-AEB8-452623BB4C4F} = {96AC9924-F1AE-461F-AEB8-452623BB4C4F}
		{DA6FC32A-2069-4AAD-9F56-F60067C03A11} = {DA6FC32A-2069-4AAD-9F56-F60067C03A11}
		{2B3DE46E-308A-446F-A5E2-14F55F608A46} = {2B3DE46E-308A-446F-A5E2-14F55F608A46}
	EndProjectSection
EndProject
Project("{8BC9CEB8-8B4A-11D0-8D11-00A0C91BC942}") = "math-diffeq", "..\math\diffeq\math-diffeq.vcxproj", "{2B90588D-2EE2-4B45-A746-72B2014D131E}"
	ProjectSection(ProjectDependencies) = postProject
		{96AC9924-F1AE-461F-AEB8-452623BB4C4F} = {96AC9924-F1AE-461F-AEB8-452623BB4C4F}
	EndProjectSection
EndProject
Project("{8BC9CEB8-8B4A-11D0-8D11-00A0C91BC942}") = "toolbox-omlDiffEq", "..\oml\toolbox-omlDiffEq\toolbox-omlDiffEq.vcxproj", "{A867ED0D-5190-4C4C-8908-7D3E2A95A50D}"
	ProjectSection(ProjectDependencies) = postProject
		{96AC9924-F1AE-461F-AEB8-452623BB4C4F} = {96AC9924-F1AE-461F-AEB8-452623BB4C4F}
		{DA6FC32A-2069-4AAD-9F56-F60067C03A11} = {DA6FC32A-2069-4AAD-9F56-F60067C03A11}
		{2B90588D-2EE2-4B45-A746-72B2014D131E} = {2B90588D-2EE2-4B45-A746-72B2014D131E}
	EndProjectSection
EndProject
Project("{8BC9CEB8-8B4A-11D0-8D11-00A0C91BC942}") = "math-mathutils", "..\math\mathutils\math-mathutils.vcxproj", "{7111E23F-4101-46B6-A44E-8F4B165DC762}"
	ProjectSection(ProjectDependencies) = postProject
		{96AC9924-F1AE-461F-AEB8-452623BB4C4F} = {96AC9924-F1AE-461F-AEB8-452623BB4C4F}
	EndProjectSection
EndProject
Project("{8BC9CEB8-8B4A-11D0-8D11-00A0C91BC942}") = "toolbox-omlMathUtils", "..\oml\toolbox-omlMathUtils\toolbox-omlMathUtils.vcxproj", "{2D577AAA-1D36-4886-B71D-4E0BCD556121}"
	ProjectSection(ProjectDependencies) = postProject
		{96AC9924-F1AE-461F-AEB8-452623BB4C4F} = {96AC9924-F1AE-461F-AEB8-452623BB4C4F}
		{DA6FC32A-2069-4AAD-9F56-F60067C03A11} = {DA6FC32A-2069-4AAD-9F56-F60067C03A11}
		{7111E23F-4101-46B6-A44E-8F4B165DC762} = {7111E23F-4101-46B6-A44E-8F4B165DC762}
	EndProjectSection
EndProject
Project("{8BC9CEB8-8B4A-11D0-8D11-00A0C91BC942}") = "math-optimization", "..\math\optimization\math-optimization.vcxproj", "{CE7AC738-1273-4B8E-952F-ADBF23BB63BE}"
	ProjectSection(ProjectDependencies) = postProject
		{96AC9924-F1AE-461F-AEB8-452623BB4C4F} = {96AC9924-F1AE-461F-AEB8-452623BB4C4F}
	EndProjectSection
EndProject
Project("{8BC9CEB8-8B4A-11D0-8D11-00A0C91BC942}") = "toolbox-omlOptimization", "..\oml\toolbox-omlOptimization\toolbox-omlOptimization.vcxproj", "{204CD9AF-2813-4255-9151-218D4E278C59}"
	ProjectSection(ProjectDependencies) = postProject
		{96AC9924-F1AE-461F-AEB8-452623BB4C4F} = {96AC9924-F1AE-461F-AEB8-452623BB4C4F}
		{DA6FC32A-2069-4AAD-9F56-F60067C03A11} = {DA6FC32A-2069-4AAD-9F56-F60067C03A11}
		{CE7AC738-1273-4B8E-952F-ADBF23BB63BE} = {CE7AC738-1273-4B8E-952F-ADBF23BB63BE}
	EndProjectSection
EndProject
Project("{8BC9CEB8-8B4A-11D0-8D11-00A0C91BC942}") = "math-polynom", "..\math\polynom\math-polynom.vcxproj", "{4F13BE31-6E3A-4525-99EF-582C6385869E}"
	ProjectSection(ProjectDependencies) = postProject
		{96AC9924-F1AE-461F-AEB8-452623BB4C4F} = {96AC9924-F1AE-461F-AEB8-452623BB4C4F}
		{7111E23F-4101-46B6-A44E-8F4B165DC762} = {7111E23F-4101-46B6-A44E-8F4B165DC762}
	EndProjectSection
EndProject
Project("{8BC9CEB8-8B4A-11D0-8D11-00A0C91BC942}") = "toolbox-omlPolynom", "..\oml\toolbox-omlPolynom\toolbox-omlPolynom.vcxproj", "{5877CFA2-E148-40BB-96F1-36845D325107}"
	ProjectSection(ProjectDependencies) = postProject
		{96AC9924-F1AE-461F-AEB8-452623BB4C4F} = {96AC9924-F1AE-461F-AEB8-452623BB4C4F}
		{DA6FC32A-2069-4AAD-9F56-F60067C03A11} = {DA6FC32A-2069-4AAD-9F56-F60067C03A11}
		{4F13BE31-6E3A-4525-99EF-582C6385869E} = {4F13BE31-6E3A-4525-99EF-582C6385869E}
	EndProjectSection
EndProject
Project("{8BC9CEB8-8B4A-11D0-8D11-00A0C91BC942}") = "math-signals", "..\math\signals\math-signals.vcxproj", "{A43408A8-61F7-476C-80D0-51D47B95E27E}"
	ProjectSection(ProjectDependencies) = postProject
		{96AC9924-F1AE-461F-AEB8-452623BB4C4F} = {96AC9924-F1AE-461F-AEB8-452623BB4C4F}
		{4F13BE31-6E3A-4525-99EF-582C6385869E} = {4F13BE31-6E3A-4525-99EF-582C6385869E}
		{64891040-05BB-452B-B3E3-B9A103700979} = {64891040-05BB-452B-B3E3-B9A103700979}
	EndProjectSection
EndProject
Project("{8BC9CEB8-8B4A-11D0-8D11-00A0C91BC942}") = "toolbox-omlSignals", "..\oml\toolbox-omlSignals\toolbox-omlSignals.vcxproj", "{7AC9D352-863B-4EC6-98BE-C8A9A7CEF31C}"
	ProjectSection(ProjectDependencies) = postProject
		{96AC9924-F1AE-461F-AEB8-452623BB4C4F} = {96AC9924-F1AE-461F-AEB8-452623BB4C4F}
		{DA6FC32A-2069-4AAD-9F56-F60067C03A11} = {DA6FC32A-2069-4AAD-9F56-F60067C03A11}
		{A43408A8-61F7-476C-80D0-51D47B95E27E} = {A43408A8-61F7-476C-80D0-51D47B95E27E}
	EndProjectSection
EndProject
Project("{8BC9CEB8-8B4A-11D0-8D11-00A0C91BC942}") = "math-statistics", "..\math\statistics\math-statistics.vcxproj", "{64891040-05BB-452B-B3E3-B9A103700979}"
	ProjectSection(ProjectDependencies) = postProject
		{96AC9924-F1AE-461F-AEB8-452623BB4C4F} = {96AC9924-F1AE-461F-AEB8-452623BB4C4F}
		{4F13BE31-6E3A-4525-99EF-582C6385869E} = {4F13BE31-6E3A-4525-99EF-582C6385869E}
		{CE7AC738-1273-4B8E-952F-ADBF23BB63BE} = {CE7AC738-1273-4B8E-952F-ADBF23BB63BE}
		{7111E23F-4101-46B6-A44E-8F4B165DC762} = {7111E23F-4101-46B6-A44E-8F4B165DC762}
	EndProjectSection
EndProject
Project("{8BC9CEB8-8B4A-11D0-8D11-00A0C91BC942}") = "toolbox-omlStatistics", "..\oml\toolbox-omlStatistics\toolbox-omlStatistics.vcxproj", "{D9C2A1FA-89B4-4459-B903-5D075FA9D06E}"
	ProjectSection(ProjectDependencies) = postProject
		{96AC9924-F1AE-461F-AEB8-452623BB4C4F} = {96AC9924-F1AE-461F-AEB8-452623BB4C4F}
		{DA6FC32A-2069-4AAD-9F56-F60067C03A11} = {DA6FC32A-2069-4AAD-9F56-F60067C03A11}
		{64891040-05BB-452B-B3E3-B9A103700979} = {64891040-05BB-452B-B3E3-B9A103700979}
	EndProjectSection
EndProject
Project("{8BC9CEB8-8B4A-11D0-8D11-00A0C91BC942}") = "math-cae", "..\math\cae\math-cae.vcxproj", "{0CFFDA9D-E279-42C9-BA45-01A593BD9207}"
	ProjectSection(ProjectDependencies) = postProject
		{96AC9924-F1AE-461F-AEB8-452623BB4C4F} = {96AC9924-F1AE-461F-AEB8-452623BB4C4F}
		{A43408A8-61F7-476C-80D0-51D47B95E27E} = {A43408A8-61F7-476C-80D0-51D47B95E27E}
	EndProjectSection
EndProject
Project("{8BC9CEB8-8B4A-11D0-8D11-00A0C91BC942}") = "toolbox-omlCAE", "..\oml\toolbox-omlCAE\toolbox-omlCAE.vcxproj", "{F9F6F155-FFF6-4088-88E8-FD3980FE997F}"
	ProjectSection(ProjectDependencies) = postProject
		{96AC9924-F1AE-461F-AEB8-452623BB4C4F} = {96AC9924-F1AE-461F-AEB8-452623BB4C4F}
		{DA6FC32A-2069-4AAD-9F56-F60067C03A11} = {DA6FC32A-2069-4AAD-9F56-F60067C03A11}
		{0CFFDA9D-E279-42C9-BA45-01A593BD9207} = {0CFFDA9D-E279-42C9-BA45-01A593BD9207}
	EndProjectSection
EndProject
Project("{8BC9CEB8-8B4A-11D0-8D11-00A0C91BC942}") = "toolbox-omlpythonbridge", "..\oml\toolbox-omlpythonbridge\toolbox-omlpythonbridge.vcxproj", "{8B758BA8-FB7E-4320-A66E-B57FD2451176}"
	ProjectSection(ProjectDependencies) = postProject
		{96AC9924-F1AE-461F-AEB8-452623BB4C4F} = {96AC9924-F1AE-461F-AEB8-452623BB4C4F}
		{DA6FC32A-2069-4AAD-9F56-F60067C03A11} = {DA6FC32A-2069-4AAD-9F56-F60067C03A11}
	EndProjectSection
EndProject
Project("{8BC9CEB8-8B4A-11D0-8D11-00A0C91BC942}") = "toolbox-omlbatchplotcore", "..\oml\toolbox-omlbatchplotcore\toolbox-omlbatchplotcore.vcxproj", "{5DAE86E1-3AC5-4ACB-A953-EA15CCF09BC1}"
	ProjectSection(ProjectDependencies) = postProject
		{96AC9924-F1AE-461F-AEB8-452623BB4C4F} = {96AC9924-F1AE-461F-AEB8-452623BB4C4F}
		{DA6FC32A-2069-4AAD-9F56-F60067C03A11} = {DA6FC32A-2069-4AAD-9F56-F60067C03A11}
	EndProjectSection
EndProject
Project("{8BC9CEB8-8B4A-11D0-8D11-00A0C91BC942}") = "toolbox-omlbatchplot", "..\oml\toolbox-omlbatchplot\toolbox-omlbatchplot.vcxproj", "{85A8CAA0-54D7-4A41-8194-B2DC0A214EBC}"
	ProjectSection(ProjectDependencies) = postProject
		{DA6FC32A-2069-4AAD-9F56-F60067C03A11} = {DA6FC32A-2069-4AAD-9F56-F60067C03A11}
		{5DAE86E1-3AC5-4ACB-A953-EA15CCF09BC1} = {5DAE86E1-3AC5-4ACB-A953-EA15CCF09BC1}
	EndProjectSection
EndProject
Project("{8BC9CEB8-8B4A-11D0-8D11-00A0C91BC942}") = "toolbox-omlMatio", "..\oml\toolbox-omlMatio\toolbox-omlMatio.vcxproj", "{AE0DC028-EA7A-44CB-B637-0394C84CCE0C}"
	ProjectSection(ProjectDependencies) = postProject
		{96AC9924-F1AE-461F-AEB8-452623BB4C4F} = {96AC9924-F1AE-461F-AEB8-452623BB4C4F}
		{DA6FC32A-2069-4AAD-9F56-F60067C03A11} = {DA6FC32A-2069-4AAD-9F56-F60067C03A11}
	EndProjectSection
EndProject
Global
	GlobalSection(SolutionConfigurationPlatforms) = preSolution
		Debug|x64 = Debug|x64
		Debug|x86 = Debug|x86
		Release|x64 = Release|x64
		Release|x86 = Release|x86
	EndGlobalSection
	GlobalSection(ProjectConfigurationPlatforms) = postSolution
		{7E5BA3DC-77FB-4D17-B74E-270FBC18A228}.Debug|x64.ActiveCfg = Debug|x64
		{7E5BA3DC-77FB-4D17-B74E-270FBC18A228}.Debug|x64.Build.0 = Debug|x64
		{7E5BA3DC-77FB-4D17-B74E-270FBC18A228}.Debug|x86.ActiveCfg = Debug|Win32
		{7E5BA3DC-77FB-4D17-B74E-270FBC18A228}.Debug|x86.Build.0 = Debug|Win32
		{7E5BA3DC-77FB-4D17-B74E-270FBC18A228}.Release|x64.ActiveCfg = Release|x64
		{7E5BA3DC-77FB-4D17-B74E-270FBC18A228}.Release|x64.Build.0 = Release|x64
		{7E5BA3DC-77FB-4D17-B74E-270FBC18A228}.Release|x86.ActiveCfg = Release|Win32
		{7E5BA3DC-77FB-4D17-B74E-270FBC18A228}.Release|x86.Build.0 = Release|Win32
		{96AC9924-F1AE-461F-AEB8-452623BB4C4F}.Debug|x64.ActiveCfg = Debug|x64
		{96AC9924-F1AE-461F-AEB8-452623BB4C4F}.Debug|x64.Build.0 = Debug|x64
		{96AC9924-F1AE-461F-AEB8-452623BB4C4F}.Debug|x86.ActiveCfg = Debug|Win32
		{96AC9924-F1AE-461F-AEB8-452623BB4C4F}.Debug|x86.Build.0 = Debug|Win32
		{96AC9924-F1AE-461F-AEB8-452623BB4C4F}.Release|x64.ActiveCfg = Release|x64
		{96AC9924-F1AE-461F-AEB8-452623BB4C4F}.Release|x64.Build.0 = Release|x64
		{96AC9924-F1AE-461F-AEB8-452623BB4C4F}.Release|x86.ActiveCfg = Release|Win32
		{96AC9924-F1AE-461F-AEB8-452623BB4C4F}.Release|x86.Build.0 = Release|Win32
		{DA6FC32A-2069-4AAD-9F56-F60067C03A11}.Debug|x64.ActiveCfg = Debug|x64
		{DA6FC32A-2069-4AAD-9F56-F60067C03A11}.Debug|x64.Build.0 = Debug|x64
		{DA6FC32A-2069-4AAD-9F56-F60067C03A11}.Debug|x86.ActiveCfg = Debug|Win32
		{DA6FC32A-2069-4AAD-9F56-F60067C03A11}.Debug|x86.Build.0 = Debug|Win32
		{DA6FC32A-2069-4AAD-9F56-F60067C03A11}.Release|x64.ActiveCfg = Release|x64
		{DA6FC32A-2069-4AAD-9F56-F60067C03A11}.Release|x64.Build.0 = Release|x64
		{DA6FC32A-2069-4AAD-9F56-F60067C03A11}.Release|x86.ActiveCfg = Release|Win32
		{DA6FC32A-2069-4AAD-9F56-F60067C03A11}.Release|x86.Build.0 = Release|Win32
		{2B3DE46E-308A-446F-A5E2-14F55F608A46}.Debug|x64.ActiveCfg = Debug|x64
		{2B3DE46E-308A-446F-A5E2-14F55F608A46}.Debug|x64.Build.0 = Debug|x64
		{2B3DE46E-308A-446F-A5E2-14F55F608A46}.Debug|x86.ActiveCfg = Debug|Win32
		{2B3DE46E-308A-446F-A5E2-14F55F608A46}.Debug|x86.Build.0 = Debug|Win32
		{2B3DE46E-308A-446F-A5E2-14F55F608A46}.Release|x64.ActiveCfg = Release|x64
		{2B3DE46E-308A-446F-A5E2-14F55F608A46}.Release|x64.Build.0 = Release|x64
		{2B3DE46E-308A-446F-A5E2-14F55F608A46}.Release|x86.ActiveCfg = Release|Win32
		{2B3DE46E-308A-446F-A5E2-14F55F608A46}.Release|x86.Build.0 = Release|Win32
		{3021FB84-D550-49A5-865E-99B8C414BB15}.Debug|x64.ActiveCfg = Debug|x64
		{3021FB84-D550-49A5-865E-99B8C414BB15}.Debug|x64.Build.0 = Debug|x64
		{3021FB84-D550-49A5-865E-99B8C414BB15}.Debug|x86.ActiveCfg = Debug|Win32
		{3021FB84-D550-49A5-865E-99B8C414BB15}.Debug|x86.Build.0 = Debug|Win32
		{3021FB84-D550-49A5-865E-99B8C414BB15}.Release|x64.ActiveCfg = Release|x64
		{3021FB84-D550-49A5-865E-99B8C414BB15}.Release|x64.Build.0 = Release|x64
		{3021FB84-D550-49A5-865E-99B8C414BB15}.Release|x86.ActiveCfg = Release|Win32
		{3021FB84-D550-49A5-865E-99B8C414BB15}.Release|x86.Build.0 = Release|Win32
		{2B90588D-2EE2-4B45-A746-72B2014D131E}.Debug|x64.ActiveCfg = Debug|x64
		{2B90588D-2EE2-4B45-A746-72B2014D131E}.Debug|x64.Build.0 = Debug|x64
		{2B90588D-2EE2-4B45-A746-72B2014D131E}.Debug|x86.ActiveCfg = Debug|Win32
		{2B90588D-2EE2-4B45-A746-72B2014D131E}.Debug|x86.Build.0 = Debug|Win32
		{2B90588D-2EE2-4B45-A746-72B2014D131E}.Release|x64.ActiveCfg = Release|x64
		{2B90588D-2EE2-4B45-A746-72B2014D131E}.Release|x64.Build.0 = Release|x64
		{2B90588D-2EE2-4B45-A746-72B2014D131E}.Release|x86.ActiveCfg = Release|Win32
		{2B90588D-2EE2-4B45-A746-72B2014D131E}.Release|x86.Build.0 = Release|Win32
		{A867ED0D-5190-4C4C-8908-7D3E2A95A50D}.Debug|x64.ActiveCfg = Debug|x64
		{A867ED0D-5190-4C4C-8908-7D3E2A95A50D}.Debug|x64.Build.0 = Debug|x64
		{A867ED0D-5190-4C4C-8908-7D3E2A95A50D}.Debug|x86.ActiveCfg = Debug|Win32
		{A867ED0D-5190-4C4C-8908-7D3E2A95A50D}.Debug|x86.Build.0 = Debug|Win32
		{A867ED0D-5190-4C4C-8908-7D3E2A95A50D}.Release|x64.ActiveCfg = Release|x64
		{A867ED0D-5190-4C4C-8908-7D3E2A95A50D}.Release|x64.Build.0 = Release|x64
		{A867ED0D-5190-4C4C-8908-7D3E2A95A50D}.Release|x86.ActiveCfg = Release|Win32
		{A867ED0D-5190-4C4C-8908-7D3E2A95A50D}.Release|x86.Build.0 = Release|Win32
		{7111E23F-4101-46B6-A44E-8F4B165DC762}.Debug|x64.ActiveCfg = Debug|x64
		{7111E23F-4101-46B6-A44E-8F4B165DC762}.Debug|x64.Build.0 = Debug|x64
		{7111E23F-4101-46B6-A44E-8F4B165DC762}.Debug|x86.ActiveCfg = Debug|Win32
		{7111E23F-4101-46B6-A44E-8F4B165DC762}.Debug|x86.Build.0 = Debug|Win32
		{7111E23F-4101-46B6-A44E-8F4B165DC762}.Release|x64.ActiveCfg = Release|x64
		{7111E23F-4101-46B6-A44E-8F4B165DC762}.Release|x64.Build.0 = Release|x64
		{7111E23F-4101-46B6-A44E-8F4B165DC762}.Release|x86.ActiveCfg = Release|Win32
		{7111E23F-4101-46B6-A44E-8F4B165DC762}.Release|x86.Build.0 = Release|Win32
		{2D577AAA-1D36-4886-B71D-4E0BCD556121}.Debug|x64.ActiveCfg = Debug|x64
		{2D577AAA-1D36-4886-B71D-4E0BCD556121}.Debug|x64.Build.0 = Debug|x64
		{2D577AAA-1D36-4886-B71D-4E0BCD556121}.Debug|x86.ActiveCfg = Debug|Win32
		{2D577AAA-1D36-4886-B71D-4E0BCD556121}.Debug|x86.Build.0 = Debug|Win32
		{2D577AAA-1D36-4886-B71D-4E0BCD556121}.Release|x64.ActiveCfg = Release|x64
		{2D577AAA-1D36-4886-B71D-4E0BCD556121}.Release|x64.Build.0 = Release|x64
		{2D577AAA-1D36-4886-B71D-4E0BCD556121}.Release|x86.ActiveCfg = Release|Win32
		{2D577AAA-1D36-4886-B71D-4E0BCD556121}.Release|x86.Build.0 = Release|Win32
		{CE7AC738-1273-4B8E-952F-ADBF23BB63BE}.Debug|x64.ActiveCfg = Debug|x64
		{CE7AC738-1273-4B8E-952F-ADBF23BB63BE}.Debug|x64.Build.0 = Debug|x64
		{CE7AC738-1273-4B8E-952F-ADBF23BB63BE}.Debug|x86.ActiveCfg = Debug|Win32
		{CE7AC738-1273-4B8E-952F-ADBF23BB63BE}.Debug|x86.Build.0 = Debug|Win32
		{CE7AC738-1273-4B8E-952F-ADBF23BB63BE}.Release|x64.ActiveCfg = Release|x64
		{CE7AC738-1273-4B8E-952F-ADBF23BB63BE}.Release|x64.Build.0 = Release|x64
		{CE7AC738-1273-4B8E-952F-ADBF23BB63BE}.Release|x86.ActiveCfg = Release|Win32
		{CE7AC738-1273-4B8E-952F-ADBF23BB63BE}.Release|x86.Build.0 = Release|Win32
		{204CD9AF-2813-4255-9151-218D4E278C59}.Debug|x64.ActiveCfg = Debug|x64
		{204CD9AF-2813-4255-9151-218D4E278C59}.Debug|x64.Build.0 = Debug|x64
		{204CD9AF-2813-4255-9151-218D4E278C59}.Debug|x86.ActiveCfg = Debug|Win32
		{204CD9AF-2813-4255-9151-218D4E278C59}.Debug|x86.Build.0 = Debug|Win32
		{204CD9AF-2813-4255-9151-218D4E278C59}.Release|x64.ActiveCfg = Release|x64
		{204CD9AF-2813-4255-9151-218D4E278C59}.Release|x64.Build.0 = Release|x64
		{204CD9AF-2813-4255-9151-218D4E278C59}.Release|x86.ActiveCfg = Release|Win32
		{204CD9AF-2813-4255-9151-218D4E278C59}.Release|x86.Build.0 = Release|Win32
		{4F13BE31-6E3A-4525-99EF-582C6385869E}.Debug|x64.ActiveCfg = Debug|x64
		{4F13BE31-6E3A-4525-99EF-582C6385869E}.Debug|x64.Build.0 = Debug|x64
		{4F13BE31-6E3A-4525-99EF-582C6385869E}.Debug|x86.ActiveCfg = Debug|Win32
		{4F13BE31-6E3A-4525-99EF-582C6385869E}.Debug|x86.Build.0 = Debug|Win32
		{4F13BE31-6E3A-4525-99EF-582C6385869E}.Release|x64.ActiveCfg = Release|x64
		{4F13BE31-6E3A-4525-99EF-582C6385869E}.Release|x64.Build.0 = Release|x64
		{4F13BE31-6E3A-4525-99EF-582C6385869E}.Release|x86.ActiveCfg = Release|Win32
		{4F13BE31-6E3A-4525-99EF-582C6385869E}.Release|x86.Build.0 = Release|Win32
		{5877CFA2-E148-40BB-96F1-36845D325107}.Debug|x64.ActiveCfg = Debug|x64
		{5877CFA2-E148-40BB-96F1-36845D325107}.Debug|x64.Build.0 = Debug|x64
		{5877CFA2-E148-40BB-96F1-36845D325107}.Debug|x86.ActiveCfg = Debug|Win32
		{5877CFA2-E148-40BB-96F1-36845D325107}.Debug|x86.Build.0 = Debug|Win32
		{5877CFA2-E148-40BB-96F1-36845D325107}.Release|x64.ActiveCfg = Release|x64
		{5877CFA2-E148-40BB-96F1-36845D325107}.Release|x64.Build.0 = Release|x64
		{5877CFA2-E148-40BB-96F1-36845D325107}.Release|x86.ActiveCfg = Release|Win32
		{5877CFA2-E148-40BB-96F1-36845D325107}.Release|x86.Build.0 = Release|Win32
		{A43408A8-61F7-476C-80D0-51D47B95E27E}.Debug|x64.ActiveCfg = Debug|x64
		{A43408A8-61F7-476C-80D0-51D47B95E27E}.Debug|x64.Build.0 = Debug|x64
		{A43408A8-61F7-476C-80D0-51D47B95E27E}.Debug|x86.ActiveCfg = Debug|Win32
		{A43408A8-61F7-476C-80D0-51D47B95E27E}.Debug|x86.Build.0 = Debug|Win32
		{A43408A8-61F7-476C-80D0-51D47B95E27E}.Release|x64.ActiveCfg = Release|x64
		{A43408A8-61F7-476C-80D0-51D47B95E27E}.Release|x64.Build.0 = Release|x64
		{A43408A8-61F7-476C-80D0-51D47B95E27E}.Release|x86.ActiveCfg = Release|Win32
		{A43408A8-61F7-476C-80D0-51D47B95E27E}.Release|x86.Build.0 = Release|Win32
		{7AC9D352-863B-4EC6-98BE-C8A9A7CEF31C}.Debug|x64.ActiveCfg = Debug|x64
		{7AC9D352-863B-4EC6-98BE-C8A9A7CEF31C}.Debug|x64.Build.0 = Debug|x64
		{7AC9D352-863B-4EC6-98BE-C8A9A7CEF31C}.Debug|x86.ActiveCfg = Debug|Win32
		{7AC9D352-863B-4EC6-98BE-C8A9A7CEF31C}.Debug|x86.Build.0 = Debug|Win32
		{7AC9D352-863B-4EC6-98BE-C8A9A7CEF31C}.Release|x64.ActiveCfg = Release|x64
		{7AC9D352-863B-4EC6-98BE-C8A9A7CEF31C}.Release|x64.Build.0 = Release|x64
		{7AC9D352-863B-4EC6-98BE-C8A9A7CEF31C}.Release|x86.ActiveCfg = Release|Win32
		{7AC9D352-863B-4EC6-98BE-C8A9A7CEF31C}.Release|x86.Build.0 = Release|Win32
		{64891040-05BB-452B-B3E3-B9A103700979}.Debug|x64.ActiveCfg = Debug|x64
		{64891040-05BB-452B-B3E3-B9A103700979}.Debug|x64.Build.0 = Debug|x64
		{64891040-05BB-452B-B3E3-B9A103700979}.Debug|x86.ActiveCfg = Debug|Win32
		{64891040-05BB-452B-B3E3-B9A103700979}.Debug|x86.Build.0 = Debug|Win32
		{64891040-05BB-452B-B3E3-B9A103700979}.Release|x64.ActiveCfg = Release|x64
		{64891040-05BB-452B-B3E3-B9A103700979}.Release|x64.Build.0 = Release|x64
		{64891040-05BB-452B-B3E3-B9A103700979}.Release|x86.ActiveCfg = Release|Win32
		{64891040-05BB-452B-B3E3-B9A103700979}.Release|x86.Build.0 = Release|Win32
		{D9C2A1FA-89B4-4459-B903-5D075FA9D06E}.Debug|x64.ActiveCfg = Debug|x64
		{D9C2A1FA-89B4-4459-B903-5D075FA9D06E}.Debug|x64.Build.0 = Debug|x64
		{D9C2A1FA-89B4-4459-B903-5D075FA9D06E}.Debug|x86.ActiveCfg = Debug|Win32
		{D9C2A1FA-89B4-4459-B903-5D075FA9D06E}.Debug|x86.Build.0 = Debug|Win32
		{D9C2A1FA-89B4-4459-B903-5D075FA9D06E}.Release|x64.ActiveCfg = Release|x64
		{D9C2A1FA-89B4-4459-B903-5D075FA9D06E}.Release|x64.Build.0 = Release|x64
		{D9C2A1FA-89B4-4459-B903-5D075FA9D06E}.Release|x86.ActiveCfg = Release|Win32
		{D9C2A1FA-89B4-4459-B903-5D075FA9D06E}.Release|x86.Build.0 = Release|Win32
		{0CFFDA9D-E279-42C9-BA45-01A593BD9207}.Debug|x64.ActiveCfg = Debug|x64
		{0CFFDA9D-E279-42C9-BA45-01A593BD9207}.Debug|x64.Build.0 = Debug|x64
		{0CFFDA9D-E279-42C9-BA45-01A593BD9207}.Debug|x86.ActiveCfg = Debug|Win32
		{0CFFDA9D-E279-42C9-BA45-01A593BD9207}.Debug|x86.Build.0 = Debug|Win32
		{0CFFDA9D-E279-42C9-BA45-01A593BD9207}.Release|x64.ActiveCfg = Release|x64
		{0CFFDA9D-E279-42C9-BA45-01A593BD9207}.Release|x64.Build.0 = Release|x64
		{0CFFDA9D-E279-42C9-BA45-01A593BD9207}.Release|x86.ActiveCfg = Release|Win32
		{0CFFDA9D-E279-42C9-BA45-01A593BD9207}.Release|x86.Build.0 = Release|Win32
		{F9F6F155-FFF6-4088-88E8-FD3980FE997F}.Debug|x64.ActiveCfg = Debug|x64
		{F9F6F155-FFF6-4088-88E8-FD3980FE997F}.Debug|x64.Build.0 = Debug|x64
		{F9F6F155-FFF6-4088-88E8-FD3980FE997F}.Debug|x86.ActiveCfg = Debug|Win32
		{F9F6F155-FFF6-4088-88E8-FD3980FE997F}.Debug|x86.Build.0 = Debug|Win32
		{F9F6F155-FFF6-4088-88E8-FD3980FE997F}.Release|x64.ActiveCfg = Release|x64
		{F9F6F155-FFF6-4088-88E8-FD3980FE997F}.Release|x64.Build.0 = Release|x64
		{F9F6F155-FFF6-4088-88E8-FD3980FE997F}.Release|x86.ActiveCfg = Release|Win32
		{F9F6F155-FFF6-4088-88E8-FD3980FE997F}.Release|x86.Build.0 = Release|Win32
		{8B758BA8-FB7E-4320-A66E-B57FD2451176}.Debug|x64.ActiveCfg = Debug|x64
		{8B758BA8-FB7E-4320-A66E-B57FD2451176}.Debug|x64.Build.0 = Debug|x64
		{8B758BA8-FB7E-4320-A66E-B57FD2451176}.Debug|x86.ActiveCfg = Debug|Win32
		{8B758BA8-FB7E-4320-A66E-B57FD2451176}.Debug|x86.Build.0 = Debug|Win32
		{8B758BA8-FB7E-4320-A66E-B57FD2451176}.Release|x64.ActiveCfg = Release|x64
		{8B758BA8-FB7E-4320-A66E-B57FD2451176}.Release|x86.ActiveCfg = Release|Win32
		{8B758BA8-FB7E-4320-A66E-B57FD2451176}.Release|x86.Build.0 = Release|Win32
		{5DAE86E1-3AC5-4ACB-A953-EA15CCF09BC1}.Debug|x64.ActiveCfg = Debug|x64
		{5DAE86E1-3AC5-4ACB-A953-EA15CCF09BC1}.Debug|x64.Build.0 = Debug|x64
		{5DAE86E1-3AC5-4ACB-A953-EA15CCF09BC1}.Debug|x86.ActiveCfg = Debug|Win32
		{5DAE86E1-3AC5-4ACB-A953-EA15CCF09BC1}.Debug|x86.Build.0 = Debug|Win32
		{5DAE86E1-3AC5-4ACB-A953-EA15CCF09BC1}.Release|x64.ActiveCfg = Release|x64
		{5DAE86E1-3AC5-4ACB-A953-EA15CCF09BC1}.Release|x64.Build.0 = Release|x64
		{5DAE86E1-3AC5-4ACB-A953-EA15CCF09BC1}.Release|x86.ActiveCfg = Release|Win32
		{5DAE86E1-3AC5-4ACB-A953-EA15CCF09BC1}.Release|x86.Build.0 = Release|Win32
		{85A8CAA0-54D7-4A41-8194-B2DC0A214EBC}.Debug|x64.ActiveCfg = Debug|x64
		{85A8CAA0-54D7-4A41-8194-B2DC0A214EBC}.Debug|x64.Build.0 = Debug|x64
		{85A8CAA0-54D7-4A41-8194-B2DC0A214EBC}.Debug|x86.ActiveCfg = Debug|Win32
		{85A8CAA0-54D7-4A41-8194-B2DC0A214EBC}.Debug|x86.Build.0 = Debug|Win32
		{85A8CAA0-54D7-4A41-8194-B2DC0A214EBC}.Release|x64.ActiveCfg = Release|x64
		{85A8CAA0-54D7-4A41-8194-B2DC0A214EBC}.Release|x64.Build.0 = Release|x64
		{85A8CAA0-54D7-4A41-8194-B2DC0A214EBC}.Release|x86.ActiveCfg = Release|Win32
		{85A8CAA0-54D7-4A41-8194-B2DC0A214EBC}.Release|x86.Build.0 = Release|Win32
		{AE0DC028-EA7A-44CB-B637-0394C84CCE0C}.Debug|x64.ActiveCfg = Debug|x64
		{AE0DC028-EA7A-44CB-B637-0394C84CCE0C}.Debug|x64.Build.0 = Debug|x64
		{AE0DC028-EA7A-44CB-B637-0394C84CCE0C}.Debug|x86.ActiveCfg = Debug|Win32
		{AE0DC028-EA7A-44CB-B637-0394C84CCE0C}.Debug|x86.Build.0 = Debug|Win32
		{AE0DC028-EA7A-44CB-B637-0394C84CCE0C}.Release|x64.ActiveCfg = Release|x64
		{AE0DC028-EA7A-44CB-B637-0394C84CCE0C}.Release|x64.Build.0 = Release|x64
		{AE0DC028-EA7A-44CB-B637-0394C84CCE0C}.Release|x86.ActiveCfg = Release|Win32
		{AE0DC028-EA7A-44CB-B637-0394C84CCE0C}.Release|x86.Build.0 = Release|Win32
	EndGlobalSection
	GlobalSection(SolutionProperties) = preSolution
		HideSolutionNode = FALSE
	EndGlobalSection
EndGlobal
